
Microsoft Visual Studio Solution File, Format Version 12.00
# Visual Studio Version 17
VisualStudioVersion = 17.5.33530.505
MinimumVisualStudioVersion = 10.0.40219.1
Project("{2150E333-8FDC-42A3-9474-1A3956D46DE8}") = "src", "src", "{5DA04958-626B-491F-9598-ADD8B89F0205}"
EndProject
Project("{2150E333-8FDC-42A3-9474-1A3956D46DE8}") = "tests", "tests", "{75CD301A-1C41-4A91-8A3F-46341FD16168}"
EndProject
Project("{2150E333-8FDC-42A3-9474-1A3956D46DE8}") = "UI", "UI", "{EFBD500E-8953-45E6-A00A-464DD08636B7}"
EndProject
Project("{2150E333-8FDC-42A3-9474-1A3956D46DE8}") = "Core", "Core", "{79013FD3-7C1C-4AF0-AA5B-8F356DC00404}"
EndProject
Project("{2150E333-8FDC-42A3-9474-1A3956D46DE8}") = "API", "API", "{C3F8BCD4-2E58-47F2-A4AD-244F2ADCF632}"
EndProject
Project("{2150E333-8FDC-42A3-9474-1A3956D46DE8}") = "Infrastructure", "Infrastructure", "{806C1EC6-F10D-40B0-A859-1E6D915C2CFB}"
EndProject
Project("{9A19103F-16F7-4668-BE54-9A1E7A4F7556}") = "HR.LeaveManagement.Domain", "HR.LeaveManagement.Domain\HR.LeaveManagement.Domain.csproj", "{77E4397B-55C9-484F-B8FD-9D5C2917B561}"
EndProject
Project("{9A19103F-16F7-4668-BE54-9A1E7A4F7556}") = "HR.LeaveManagement.Application", "HR.LeaveManagement.Application\HR.LeaveManagement.Application.csproj", "{D63F4CEC-1751-4508-89BB-004EF5F2D655}"
EndProject
Project("{9A19103F-16F7-4668-BE54-9A1E7A4F7556}") = "HR.LeaveManagement.Infrastructure", "HR.LeaveManagement.Infrastructure\HR.LeaveManagement.Infrastructure.csproj", "{FEF27D23-751D-4D0C-9FEB-740537F0CB9D}"
EndProject
Project("{9A19103F-16F7-4668-BE54-9A1E7A4F7556}") = "HR.LeaveManagement.Persistence", "HR.LeaveManagement.Persistence\HR.LeaveManagement.Persistence.csproj", "{0E79A659-1969-4BC8-9680-8F385381331F}"
EndProject
Project("{9A19103F-16F7-4668-BE54-9A1E7A4F7556}") = "HR.LeaveManagement.API", "HR.LeaveManagement.API\HR.LeaveManagement.API.csproj", "{9783B2CC-7344-404E-B59B-5BF50269D611}"
EndProject
Project("{9A19103F-16F7-4668-BE54-9A1E7A4F7556}") = "HR.LeaveManagement.Application.UnitTests", "HR.LeaveManagement.Application.UnitTests\HR.LeaveManagement.Application.UnitTests.csproj", "{522D82C9-660E-45AC-A78D-5757A66E936F}"
EndProject
Project("{9A19103F-16F7-4668-BE54-9A1E7A4F7556}") = "HR.LeaveManagement.Persistence.IntegrationTests", "HR.LeaveManagement.Persistence.IntegrationTests\HR.LeaveManagement.Persistence.IntegrationTests.csproj", "{7C7655E2-A2E5-4D61-B9FB-704AC5C9B68D}"
EndProject
Project("{9A19103F-16F7-4668-BE54-9A1E7A4F7556}") = "HR.LeaveManagement.BlazorUI", "HR.LeaveManagement.BlazorUI\HR.LeaveManagement.BlazorUI.csproj", "{9D458030-1255-4B7D-A1F3-20DBE691DF04}"
EndProject
Project("{FAE04EC0-301F-11D3-BF4B-00C04F79EFBC}") = "HR.LeaveManagement.Identity", "HR.LeaveManagement.Identity\HR.LeaveManagement.Identity.csproj", "{DD9BF06E-AC50-4526-99BE-EE1ECAC846B8}"
EndProject
Global
	GlobalSection(SolutionConfigurationPlatforms) = preSolution
		Debug|Any CPU = Debug|Any CPU
		Release|Any CPU = Release|Any CPU
	EndGlobalSection
	GlobalSection(ProjectConfigurationPlatforms) = postSolution
		{77E4397B-55C9-484F-B8FD-9D5C2917B561}.Debug|Any CPU.ActiveCfg = Debug|Any CPU
		{77E4397B-55C9-484F-B8FD-9D5C2917B561}.Debug|Any CPU.Build.0 = Debug|Any CPU
		{77E4397B-55C9-484F-B8FD-9D5C2917B561}.Release|Any CPU.ActiveCfg = Release|Any CPU
		{77E4397B-55C9-484F-B8FD-9D5C2917B561}.Release|Any CPU.Build.0 = Release|Any CPU
		{D63F4CEC-1751-4508-89BB-004EF5F2D655}.Debug|Any CPU.ActiveCfg = Debug|Any CPU
		{D63F4CEC-1751-4508-89BB-004EF5F2D655}.Debug|Any CPU.Build.0 = Debug|Any CPU
		{D63F4CEC-1751-4508-89BB-004EF5F2D655}.Release|Any CPU.ActiveCfg = Release|Any CPU
		{D63F4CEC-1751-4508-89BB-004EF5F2D655}.Release|Any CPU.Build.0 = Release|Any CPU
		{FEF27D23-751D-4D0C-9FEB-740537F0CB9D}.Debug|Any CPU.ActiveCfg = Debug|Any CPU
		{FEF27D23-751D-4D0C-9FEB-740537F0CB9D}.Debug|Any CPU.Build.0 = Debug|Any CPU
		{FEF27D23-751D-4D0C-9FEB-740537F0CB9D}.Release|Any CPU.ActiveCfg = Release|Any CPU
		{FEF27D23-751D-4D0C-9FEB-740537F0CB9D}.Release|Any CPU.Build.0 = Release|Any CPU
		{0E79A659-1969-4BC8-9680-8F385381331F}.Debug|Any CPU.ActiveCfg = Debug|Any CPU
		{0E79A659-1969-4BC8-9680-8F385381331F}.Debug|Any CPU.Build.0 = Debug|Any CPU
		{0E79A659-1969-4BC8-9680-8F385381331F}.Release|Any CPU.ActiveCfg = Release|Any CPU
		{0E79A659-1969-4BC8-9680-8F385381331F}.Release|Any CPU.Build.0 = Release|Any CPU
		{9783B2CC-7344-404E-B59B-5BF50269D611}.Debug|Any CPU.ActiveCfg = Debug|Any CPU
		{9783B2CC-7344-404E-B59B-5BF50269D611}.Debug|Any CPU.Build.0 = Debug|Any CPU
		{9783B2CC-7344-404E-B59B-5BF50269D611}.Release|Any CPU.ActiveCfg = Release|Any CPU
		{9783B2CC-7344-404E-B59B-5BF50269D611}.Release|Any CPU.Build.0 = Release|Any CPU
		{522D82C9-660E-45AC-A78D-5757A66E936F}.Debug|Any CPU.ActiveCfg = Debug|Any CPU
		{522D82C9-660E-45AC-A78D-5757A66E936F}.Debug|Any CPU.Build.0 = Debug|Any CPU
		{522D82C9-660E-45AC-A78D-5757A66E936F}.Release|Any CPU.ActiveCfg = Release|Any CPU
		{522D82C9-660E-45AC-A78D-5757A66E936F}.Release|Any CPU.Build.0 = Release|Any CPU
		{7C7655E2-A2E5-4D61-B9FB-704AC5C9B68D}.Debug|Any CPU.ActiveCfg = Debug|Any CPU
		{7C7655E2-A2E5-4D61-B9FB-704AC5C9B68D}.Debug|Any CPU.Build.0 = Debug|Any CPU
		{7C7655E2-A2E5-4D61-B9FB-704AC5C9B68D}.Release|Any CPU.ActiveCfg = Release|Any CPU
		{7C7655E2-A2E5-4D61-B9FB-704AC5C9B68D}.Release|Any CPU.Build.0 = Release|Any CPU
		{9D458030-1255-4B7D-A1F3-20DBE691DF04}.Debug|Any CPU.ActiveCfg = Debug|Any CPU
		{9D458030-1255-4B7D-A1F3-20DBE691DF04}.Debug|Any CPU.Build.0 = Debug|Any CPU
		{9D458030-1255-4B7D-A1F3-20DBE691DF04}.Release|Any CPU.ActiveCfg = Release|Any CPU
		{9D458030-1255-4B7D-A1F3-20DBE691DF04}.Release|Any CPU.Build.0 = Release|Any CPU
		{DD9BF06E-AC50-4526-99BE-EE1ECAC846B8}.Debug|Any CPU.ActiveCfg = Debug|Any CPU
		{DD9BF06E-AC50-4526-99BE-EE1ECAC846B8}.Debug|Any CPU.Build.0 = Debug|Any CPU
		{DD9BF06E-AC50-4526-99BE-EE1ECAC846B8}.Release|Any CPU.ActiveCfg = Release|Any CPU
		{DD9BF06E-AC50-4526-99BE-EE1ECAC846B8}.Release|Any CPU.Build.0 = Release|Any CPU
	EndGlobalSection
	GlobalSection(SolutionProperties) = preSolution
		HideSolutionNode = FALSE
	EndGlobalSection
	GlobalSection(NestedProjects) = preSolution
		{EFBD500E-8953-45E6-A00A-464DD08636B7} = {5DA04958-626B-491F-9598-ADD8B89F0205}
		{79013FD3-7C1C-4AF0-AA5B-8F356DC00404} = {5DA04958-626B-491F-9598-ADD8B89F0205}
		{C3F8BCD4-2E58-47F2-A4AD-244F2ADCF632} = {5DA04958-626B-491F-9598-ADD8B89F0205}
		{806C1EC6-F10D-40B0-A859-1E6D915C2CFB} = {5DA04958-626B-491F-9598-ADD8B89F0205}
		{77E4397B-55C9-484F-B8FD-9D5C2917B561} = {79013FD3-7C1C-4AF0-AA5B-8F356DC00404}
		{D63F4CEC-1751-4508-89BB-004EF5F2D655} = {79013FD3-7C1C-4AF0-AA5B-8F356DC00404}
		{FEF27D23-751D-4D0C-9FEB-740537F0CB9D} = {806C1EC6-F10D-40B0-A859-1E6D915C2CFB}
		{0E79A659-1969-4BC8-9680-8F385381331F} = {806C1EC6-F10D-40B0-A859-1E6D915C2CFB}
		{9783B2CC-7344-404E-B59B-5BF50269D611} = {C3F8BCD4-2E58-47F2-A4AD-244F2ADCF632}
		{522D82C9-660E-45AC-A78D-5757A66E936F} = {75CD301A-1C41-4A91-8A3F-46341FD16168}
		{7C7655E2-A2E5-4D61-B9FB-704AC5C9B68D} = {75CD301A-1C41-4A91-8A3F-46341FD16168}
		{9D458030-1255-4B7D-A1F3-20DBE691DF04} = {EFBD500E-8953-45E6-A00A-464DD08636B7}
		{DD9BF06E-AC50-4526-99BE-EE1ECAC846B8} = {806C1EC6-F10D-40B0-A859-1E6D915C2CFB}
	EndGlobalSection
	GlobalSection(ExtensibilityGlobals) = postSolution
		SolutionGuid = {20D6677C-2E5C-4FCC-9FFB-D6FE8214DA70}
	EndGlobalSection
EndGlobal
